// !$*UTF8*$!
{
	archiveVersion = 1;
	classes = {
	};
	objectVersion = 56;
	objects = {

/* Begin PBXBuildFile section */
		D813EB872B10DFF7004B4576 /* StatisticModel.swift in Sources */ = {isa = PBXBuildFile; fileRef = D813EB862B10DFF7004B4576 /* StatisticModel.swift */; };
		D813EB892B10E107004B4576 /* PreviewProvider.swift in Sources */ = {isa = PBXBuildFile; fileRef = D813EB882B10E107004B4576 /* PreviewProvider.swift */; };
		D813EB8B2B10ED41004B4576 /* CoinDetailSectionModel.swift in Sources */ = {isa = PBXBuildFile; fileRef = D813EB8A2B10ED41004B4576 /* CoinDetailSectionModel.swift */; };
		D832C6072B12137000DA04F8 /* CoinDetailsViewModel.swift in Sources */ = {isa = PBXBuildFile; fileRef = D832C6062B12137000DA04F8 /* CoinDetailsViewModel.swift */; };
		D84028C02B0E33B300A39D59 /* Kingfisher in Frameworks */ = {isa = PBXBuildFile; productRef = D84028BF2B0E33B300A39D59 /* Kingfisher */; };
		D84028C22B0E3FDF00A39D59 /* Double.swift in Sources */ = {isa = PBXBuildFile; fileRef = D84028C12B0E3FDF00A39D59 /* Double.swift */; };
		D850C3462B0B9F28009ECC02 /* HomeViewModel.swift in Sources */ = {isa = PBXBuildFile; fileRef = D850C3452B0B9F28009ECC02 /* HomeViewModel.swift */; };
		D854ECD22B0F813400D21E8F /* CoinDetailsView.swift in Sources */ = {isa = PBXBuildFile; fileRef = D854ECD12B0F813400D21E8F /* CoinDetailsView.swift */; };
		D854ECD42B0F860400D21E8F /* Color.swift in Sources */ = {isa = PBXBuildFile; fileRef = D854ECD32B0F860400D21E8F /* Color.swift */; };
		D854ECD62B0F9F5300D21E8F /* CoinDetailsSection.swift in Sources */ = {isa = PBXBuildFile; fileRef = D854ECD52B0F9F5300D21E8F /* CoinDetailsSection.swift */; };
		D854ECD82B0FA0C100D21E8F /* StatisticView.swift in Sources */ = {isa = PBXBuildFile; fileRef = D854ECD72B0FA0C100D21E8F /* StatisticView.swift */; };
		D8575A162B0CDBFC006BD7F3 /* Coin.swift in Sources */ = {isa = PBXBuildFile; fileRef = D8575A152B0CDBFC006BD7F3 /* Coin.swift */; };
		D87694932B0A367C003E99E7 /* SwiftUICryptoApp.swift in Sources */ = {isa = PBXBuildFile; fileRef = D87694922B0A367C003E99E7 /* SwiftUICryptoApp.swift */; };
		D87694952B0A367C003E99E7 /* ContentView.swift in Sources */ = {isa = PBXBuildFile; fileRef = D87694942B0A367C003E99E7 /* ContentView.swift */; };
		D87694972B0A367E003E99E7 /* Assets.xcassets in Resources */ = {isa = PBXBuildFile; fileRef = D87694962B0A367E003E99E7 /* Assets.xcassets */; };
		D876949A2B0A367E003E99E7 /* Preview Assets.xcassets in Resources */ = {isa = PBXBuildFile; fileRef = D87694992B0A367E003E99E7 /* Preview Assets.xcassets */; };
		D87694A92B0A3707003E99E7 /* HomeView.swift in Sources */ = {isa = PBXBuildFile; fileRef = D87694A82B0A3707003E99E7 /* HomeView.swift */; };
		D87694AB2B0A3862003E99E7 /* TopMoversView.swift in Sources */ = {isa = PBXBuildFile; fileRef = D87694AA2B0A3862003E99E7 /* TopMoversView.swift */; };
		D87694AD2B0A3873003E99E7 /* TopMoversItemView.swift in Sources */ = {isa = PBXBuildFile; fileRef = D87694AC2B0A3873003E99E7 /* TopMoversItemView.swift */; };
		D87694AF2B0A3F36003E99E7 /* AllCoinsView.swift in Sources */ = {isa = PBXBuildFile; fileRef = D87694AE2B0A3F36003E99E7 /* AllCoinsView.swift */; };
		D87694B12B0A3F5B003E99E7 /* CoinRowView.swift in Sources */ = {isa = PBXBuildFile; fileRef = D87694B02B0A3F5B003E99E7 /* CoinRowView.swift */; };
		D8B38D3D2B0E534400AF5143 /* response_1700488483716.json in Resources */ = {isa = PBXBuildFile; fileRef = D8B38D3C2B0E534400AF5143 /* response_1700488483716.json */; };
/* End PBXBuildFile section */

/* Begin PBXFileReference section */
		D813EB862B10DFF7004B4576 /* StatisticModel.swift */ = {isa = PBXFileReference; lastKnownFileType = sourcecode.swift; path = StatisticModel.swift; sourceTree = "<group>"; };
		D813EB882B10E107004B4576 /* PreviewProvider.swift */ = {isa = PBXFileReference; lastKnownFileType = sourcecode.swift; path = PreviewProvider.swift; sourceTree = "<group>"; };
		D813EB8A2B10ED41004B4576 /* CoinDetailSectionModel.swift */ = {isa = PBXFileReference; lastKnownFileType = sourcecode.swift; path = CoinDetailSectionModel.swift; sourceTree = "<group>"; };
		D832C6062B12137000DA04F8 /* CoinDetailsViewModel.swift */ = {isa = PBXFileReference; lastKnownFileType = sourcecode.swift; path = CoinDetailsViewModel.swift; sourceTree = "<group>"; };
		D84028C12B0E3FDF00A39D59 /* Double.swift */ = {isa = PBXFileReference; lastKnownFileType = sourcecode.swift; path = Double.swift; sourceTree = "<group>"; };
		D850C3452B0B9F28009ECC02 /* HomeViewModel.swift */ = {isa = PBXFileReference; lastKnownFileType = sourcecode.swift; path = HomeViewModel.swift; sourceTree = "<group>"; };
		D854ECD12B0F813400D21E8F /* CoinDetailsView.swift */ = {isa = PBXFileReference; lastKnownFileType = sourcecode.swift; path = CoinDetailsView.swift; sourceTree = "<group>"; };
		D854ECD32B0F860400D21E8F /* Color.swift */ = {isa = PBXFileReference; lastKnownFileType = sourcecode.swift; path = Color.swift; sourceTree = "<group>"; };
		D854ECD52B0F9F5300D21E8F /* CoinDetailsSection.swift */ = {isa = PBXFileReference; lastKnownFileType = sourcecode.swift; path = CoinDetailsSection.swift; sourceTree = "<group>"; };
		D854ECD72B0FA0C100D21E8F /* StatisticView.swift */ = {isa = PBXFileReference; lastKnownFileType = sourcecode.swift; path = StatisticView.swift; sourceTree = "<group>"; };
		D8575A152B0CDBFC006BD7F3 /* Coin.swift */ = {isa = PBXFileReference; lastKnownFileType = sourcecode.swift; path = Coin.swift; sourceTree = "<group>"; };
		D876948F2B0A367C003E99E7 /* SwiftUICrypto.app */ = {isa = PBXFileReference; explicitFileType = wrapper.application; includeInIndex = 0; path = SwiftUICrypto.app; sourceTree = BUILT_PRODUCTS_DIR; };
		D87694922B0A367C003E99E7 /* SwiftUICryptoApp.swift */ = {isa = PBXFileReference; lastKnownFileType = sourcecode.swift; path = SwiftUICryptoApp.swift; sourceTree = "<group>"; };
		D87694942B0A367C003E99E7 /* ContentView.swift */ = {isa = PBXFileReference; lastKnownFileType = sourcecode.swift; path = ContentView.swift; sourceTree = "<group>"; };
		D87694962B0A367E003E99E7 /* Assets.xcassets */ = {isa = PBXFileReference; lastKnownFileType = folder.assetcatalog; path = Assets.xcassets; sourceTree = "<group>"; };
		D87694992B0A367E003E99E7 /* Preview Assets.xcassets */ = {isa = PBXFileReference; lastKnownFileType = folder.assetcatalog; path = "Preview Assets.xcassets"; sourceTree = "<group>"; };
		D87694A82B0A3707003E99E7 /* HomeView.swift */ = {isa = PBXFileReference; lastKnownFileType = sourcecode.swift; path = HomeView.swift; sourceTree = "<group>"; };
		D87694AA2B0A3862003E99E7 /* TopMoversView.swift */ = {isa = PBXFileReference; lastKnownFileType = sourcecode.swift; path = TopMoversView.swift; sourceTree = "<group>"; };
		D87694AC2B0A3873003E99E7 /* TopMoversItemView.swift */ = {isa = PBXFileReference; lastKnownFileType = sourcecode.swift; path = TopMoversItemView.swift; sourceTree = "<group>"; };
		D87694AE2B0A3F36003E99E7 /* AllCoinsView.swift */ = {isa = PBXFileReference; lastKnownFileType = sourcecode.swift; path = AllCoinsView.swift; sourceTree = "<group>"; };
		D87694B02B0A3F5B003E99E7 /* CoinRowView.swift */ = {isa = PBXFileReference; lastKnownFileType = sourcecode.swift; path = CoinRowView.swift; sourceTree = "<group>"; };
		D8B38D3C2B0E534400AF5143 /* response_1700488483716.json */ = {isa = PBXFileReference; fileEncoding = 4; lastKnownFileType = text.json; path = response_1700488483716.json; sourceTree = "<group>"; };
/* End PBXFileReference section */

/* Begin PBXFrameworksBuildPhase section */
		D876948C2B0A367C003E99E7 /* Frameworks */ = {
			isa = PBXFrameworksBuildPhase;
			buildActionMask = 2147483647;
			files = (
				D84028C02B0E33B300A39D59 /* Kingfisher in Frameworks */,
			);
			runOnlyForDeploymentPostprocessing = 0;
		};
/* End PBXFrameworksBuildPhase section */

/* Begin PBXGroup section */
		D854ECCC2B0F809400D21E8F /* CoinDetails */ = {
			isa = PBXGroup;
			children = (
				D854ECCD2B0F809C00D21E8F /* ViewModels */,
				D854ECCE2B0F80B200D21E8F /* Views */,
			);
			path = CoinDetails;
			sourceTree = "<group>";
		};
		D854ECCD2B0F809C00D21E8F /* ViewModels */ = {
			isa = PBXGroup;
			children = (
				D832C6062B12137000DA04F8 /* CoinDetailsViewModel.swift */,
			);
			path = ViewModels;
			sourceTree = "<group>";
		};
		D854ECCE2B0F80B200D21E8F /* Views */ = {
			isa = PBXGroup;
			children = (
				D854ECD12B0F813400D21E8F /* CoinDetailsView.swift */,
				D854ECD52B0F9F5300D21E8F /* CoinDetailsSection.swift */,
				D854ECD72B0FA0C100D21E8F /* StatisticView.swift */,
			);
			path = Views;
			sourceTree = "<group>";
		};
		D87694862B0A367C003E99E7 = {
			isa = PBXGroup;
			children = (
				D87694912B0A367C003E99E7 /* SwiftUICrypto */,
				D87694902B0A367C003E99E7 /* Products */,
			);
			sourceTree = "<group>";
		};
		D87694902B0A367C003E99E7 /* Products */ = {
			isa = PBXGroup;
			children = (
				D876948F2B0A367C003E99E7 /* SwiftUICrypto.app */,
			);
			name = Products;
			sourceTree = "<group>";
		};
		D87694912B0A367C003E99E7 /* SwiftUICrypto */ = {
			isa = PBXGroup;
			children = (
				D87694A42B0A36A8003E99E7 /* Utils */,
				D87694A32B0A36A7003E99E7 /* Extensions */,
				D87694A22B0A36A6003E99E7 /* Models */,
				D87694A12B0A36A4003E99E7 /* Core */,
				D87694A02B0A36A0003E99E7 /* App */,
				D87694942B0A367C003E99E7 /* ContentView.swift */,
				D8B38D3C2B0E534400AF5143 /* response_1700488483716.json */,
				D87694962B0A367E003E99E7 /* Assets.xcassets */,
				D87694982B0A367E003E99E7 /* Preview Content */,
			);
			path = SwiftUICrypto;
			sourceTree = "<group>";
		};
		D87694982B0A367E003E99E7 /* Preview Content */ = {
			isa = PBXGroup;
			children = (
				D87694992B0A367E003E99E7 /* Preview Assets.xcassets */,
			);
			path = "Preview Content";
			sourceTree = "<group>";
		};
		D87694A02B0A36A0003E99E7 /* App */ = {
			isa = PBXGroup;
			children = (
				D87694922B0A367C003E99E7 /* SwiftUICryptoApp.swift */,
			);
			path = App;
			sourceTree = "<group>";
		};
		D87694A12B0A36A4003E99E7 /* Core */ = {
			isa = PBXGroup;
			children = (
				D854ECCC2B0F809400D21E8F /* CoinDetails */,
				D87694A52B0A36D2003E99E7 /* Home */,
			);
			path = Core;
			sourceTree = "<group>";
		};
		D87694A22B0A36A6003E99E7 /* Models */ = {
			isa = PBXGroup;
			children = (
				D8575A152B0CDBFC006BD7F3 /* Coin.swift */,
				D813EB862B10DFF7004B4576 /* StatisticModel.swift */,
				D813EB8A2B10ED41004B4576 /* CoinDetailSectionModel.swift */,
			);
			path = Models;
			sourceTree = "<group>";
		};
		D87694A32B0A36A7003E99E7 /* Extensions */ = {
			isa = PBXGroup;
			children = (
				D84028C12B0E3FDF00A39D59 /* Double.swift */,
				D854ECD32B0F860400D21E8F /* Color.swift */,
				D813EB882B10E107004B4576 /* PreviewProvider.swift */,
			);
			path = Extensions;
			sourceTree = "<group>";
		};
		D87694A42B0A36A8003E99E7 /* Utils */ = {
			isa = PBXGroup;
			children = (
			);
			path = Utils;
			sourceTree = "<group>";
		};
		D87694A52B0A36D2003E99E7 /* Home */ = {
			isa = PBXGroup;
			children = (
				D87694A72B0A36E0003E99E7 /* Views */,
				D87694A62B0A36DD003E99E7 /* ViewModels */,
			);
			path = Home;
			sourceTree = "<group>";
		};
		D87694A62B0A36DD003E99E7 /* ViewModels */ = {
			isa = PBXGroup;
			children = (
				D850C3452B0B9F28009ECC02 /* HomeViewModel.swift */,
			);
			path = ViewModels;
			sourceTree = "<group>";
		};
		D87694A72B0A36E0003E99E7 /* Views */ = {
			isa = PBXGroup;
			children = (
				D87694A82B0A3707003E99E7 /* HomeView.swift */,
				D87694AA2B0A3862003E99E7 /* TopMoversView.swift */,
				D87694AC2B0A3873003E99E7 /* TopMoversItemView.swift */,
				D87694AE2B0A3F36003E99E7 /* AllCoinsView.swift */,
				D87694B02B0A3F5B003E99E7 /* CoinRowView.swift */,
			);
			path = Views;
			sourceTree = "<group>";
		};
/* End PBXGroup section */

/* Begin PBXNativeTarget section */
		D876948E2B0A367C003E99E7 /* SwiftUICrypto */ = {
			isa = PBXNativeTarget;
			buildConfigurationList = D876949D2B0A367E003E99E7 /* Build configuration list for PBXNativeTarget "SwiftUICrypto" */;
			buildPhases = (
				D876948B2B0A367C003E99E7 /* Sources */,
				D876948C2B0A367C003E99E7 /* Frameworks */,
				D876948D2B0A367C003E99E7 /* Resources */,
			);
			buildRules = (
			);
			dependencies = (
			);
			name = SwiftUICrypto;
			packageProductDependencies = (
				D84028BF2B0E33B300A39D59 /* Kingfisher */,
			);
			productName = SwiftUICrypto;
			productReference = D876948F2B0A367C003E99E7 /* SwiftUICrypto.app */;
			productType = "com.apple.product-type.application";
		};
/* End PBXNativeTarget section */

/* Begin PBXProject section */
		D87694872B0A367C003E99E7 /* Project object */ = {
			isa = PBXProject;
			attributes = {
				BuildIndependentTargetsInParallel = 1;
				LastSwiftUpdateCheck = 1410;
				LastUpgradeCheck = 1410;
				TargetAttributes = {
					D876948E2B0A367C003E99E7 = {
						CreatedOnToolsVersion = 14.1;
					};
				};
			};
			buildConfigurationList = D876948A2B0A367C003E99E7 /* Build configuration list for PBXProject "SwiftUICrypto" */;
			compatibilityVersion = "Xcode 14.0";
			developmentRegion = en;
			hasScannedForEncodings = 0;
			knownRegions = (
				en,
				Base,
			);
			mainGroup = D87694862B0A367C003E99E7;
			packageReferences = (
				D84028BE2B0E33B300A39D59 /* XCRemoteSwiftPackageReference "Kingfisher" */,
			);
			productRefGroup = D87694902B0A367C003E99E7 /* Products */;
			projectDirPath = "";
			projectRoot = "";
			targets = (
				D876948E2B0A367C003E99E7 /* SwiftUICrypto */,
			);
		};
/* End PBXProject section */

/* Begin PBXResourcesBuildPhase section */
		D876948D2B0A367C003E99E7 /* Resources */ = {
			isa = PBXResourcesBuildPhase;
			buildActionMask = 2147483647;
			files = (
				D876949A2B0A367E003E99E7 /* Preview Assets.xcassets in Resources */,
				D8B38D3D2B0E534400AF5143 /* response_1700488483716.json in Resources */,
				D87694972B0A367E003E99E7 /* Assets.xcassets in Resources */,
			);
			runOnlyForDeploymentPostprocessing = 0;
		};
/* End PBXResourcesBuildPhase section */

/* Begin PBXSourcesBuildPhase section */
		D876948B2B0A367C003E99E7 /* Sources */ = {
			isa = PBXSourcesBuildPhase;
			buildActionMask = 2147483647;
			files = (
				D8575A162B0CDBFC006BD7F3 /* Coin.swift in Sources */,
				D87694AB2B0A3862003E99E7 /* TopMoversView.swift in Sources */,
				D813EB8B2B10ED41004B4576 /* CoinDetailSectionModel.swift in Sources */,
				D87694AF2B0A3F36003E99E7 /* AllCoinsView.swift in Sources */,
				D87694A92B0A3707003E99E7 /* HomeView.swift in Sources */,
				D850C3462B0B9F28009ECC02 /* HomeViewModel.swift in Sources */,
				D854ECD42B0F860400D21E8F /* Color.swift in Sources */,
				D87694952B0A367C003E99E7 /* ContentView.swift in Sources */,
				D854ECD82B0FA0C100D21E8F /* StatisticView.swift in Sources */,
				D87694932B0A367C003E99E7 /* SwiftUICryptoApp.swift in Sources */,
				D832C6072B12137000DA04F8 /* CoinDetailsViewModel.swift in Sources */,
				D813EB892B10E107004B4576 /* PreviewProvider.swift in Sources */,
				D87694B12B0A3F5B003E99E7 /* CoinRowView.swift in Sources */,
				D813EB872B10DFF7004B4576 /* StatisticModel.swift in Sources */,
				D854ECD22B0F813400D21E8F /* CoinDetailsView.swift in Sources */,
				D84028C22B0E3FDF00A39D59 /* Double.swift in Sources */,
				D87694AD2B0A3873003E99E7 /* TopMoversItemView.swift in Sources */,
				D854ECD62B0F9F5300D21E8F /* CoinDetailsSection.swift in Sources */,
			);
			runOnlyForDeploymentPostprocessing = 0;
		};
/* End PBXSourcesBuildPhase section */

/* Begin XCBuildConfiguration section */
		D876949B2B0A367E003E99E7 /* Debug */ = {
			isa = XCBuildConfiguration;
			buildSettings = {
				ALWAYS_SEARCH_USER_PATHS = NO;
				CLANG_ANALYZER_NONNULL = YES;
				CLANG_ANALYZER_NUMBER_OBJECT_CONVERSION = YES_AGGRESSIVE;
				CLANG_CXX_LANGUAGE_STANDARD = "gnu++20";
				CLANG_ENABLE_MODULES = YES;
				CLANG_ENABLE_OBJC_ARC = YES;
				CLANG_ENABLE_OBJC_WEAK = YES;
				CLANG_WARN_BLOCK_CAPTURE_AUTORELEASING = YES;
				CLANG_WARN_BOOL_CONVERSION = YES;
				CLANG_WARN_COMMA = YES;
				CLANG_WARN_CONSTANT_CONVERSION = YES;
				CLANG_WARN_DEPRECATED_OBJC_IMPLEMENTATIONS = YES;
				CLANG_WARN_DIRECT_OBJC_ISA_USAGE = YES_ERROR;
				CLANG_WARN_DOCUMENTATION_COMMENTS = YES;
				CLANG_WARN_EMPTY_BODY = YES;
				CLANG_WARN_ENUM_CONVERSION = YES;
				CLANG_WARN_INFINITE_RECURSION = YES;
				CLANG_WARN_INT_CONVERSION = YES;
				CLANG_WARN_NON_LITERAL_NULL_CONVERSION = YES;
				CLANG_WARN_OBJC_IMPLICIT_RETAIN_SELF = YES;
				CLANG_WARN_OBJC_LITERAL_CONVERSION = YES;
				CLANG_WARN_OBJC_ROOT_CLASS = YES_ERROR;
				CLANG_WARN_QUOTED_INCLUDE_IN_FRAMEWORK_HEADER = YES;
				CLANG_WARN_RANGE_LOOP_ANALYSIS = YES;
				CLANG_WARN_STRICT_PROTOTYPES = YES;
				CLANG_WARN_SUSPICIOUS_MOVE = YES;
				CLANG_WARN_UNGUARDED_AVAILABILITY = YES_AGGRESSIVE;
				CLANG_WARN_UNREACHABLE_CODE = YES;
				CLANG_WARN__DUPLICATE_METHOD_MATCH = YES;
				COPY_PHASE_STRIP = NO;
				DEBUG_INFORMATION_FORMAT = dwarf;
				ENABLE_STRICT_OBJC_MSGSEND = YES;
				ENABLE_TESTABILITY = YES;
				GCC_C_LANGUAGE_STANDARD = gnu11;
				GCC_DYNAMIC_NO_PIC = NO;
				GCC_NO_COMMON_BLOCKS = YES;
				GCC_OPTIMIZATION_LEVEL = 0;
				GCC_PREPROCESSOR_DEFINITIONS = (
					"DEBUG=1",
					"$(inherited)",
				);
				GCC_WARN_64_TO_32_BIT_CONVERSION = YES;
				GCC_WARN_ABOUT_RETURN_TYPE = YES_ERROR;
				GCC_WARN_UNDECLARED_SELECTOR = YES;
				GCC_WARN_UNINITIALIZED_AUTOS = YES_AGGRESSIVE;
				GCC_WARN_UNUSED_FUNCTION = YES;
				GCC_WARN_UNUSED_VARIABLE = YES;
				IPHONEOS_DEPLOYMENT_TARGET = 16.1;
				MTL_ENABLE_DEBUG_INFO = INCLUDE_SOURCE;
				MTL_FAST_MATH = YES;
				ONLY_ACTIVE_ARCH = YES;
				SDKROOT = iphoneos;
				SWIFT_ACTIVE_COMPILATION_CONDITIONS = DEBUG;
				SWIFT_OPTIMIZATION_LEVEL = "-Onone";
			};
			name = Debug;
		};
		D876949C2B0A367E003E99E7 /* Release */ = {
			isa = XCBuildConfiguration;
			buildSettings = {
				ALWAYS_SEARCH_USER_PATHS = NO;
				CLANG_ANALYZER_NONNULL = YES;
				CLANG_ANALYZER_NUMBER_OBJECT_CONVERSION = YES_AGGRESSIVE;
				CLANG_CXX_LANGUAGE_STANDARD = "gnu++20";
				CLANG_ENABLE_MODULES = YES;
				CLANG_ENABLE_OBJC_ARC = YES;
				CLANG_ENABLE_OBJC_WEAK = YES;
				CLANG_WARN_BLOCK_CAPTURE_AUTORELEASING = YES;
				CLANG_WARN_BOOL_CONVERSION = YES;
				CLANG_WARN_COMMA = YES;
				CLANG_WARN_CONSTANT_CONVERSION = YES;
				CLANG_WARN_DEPRECATED_OBJC_IMPLEMENTATIONS = YES;
				CLANG_WARN_DIRECT_OBJC_ISA_USAGE = YES_ERROR;
				CLANG_WARN_DOCUMENTATION_COMMENTS = YES;
				CLANG_WARN_EMPTY_BODY = YES;
				CLANG_WARN_ENUM_CONVERSION = YES;
				CLANG_WARN_INFINITE_RECURSION = YES;
				CLANG_WARN_INT_CONVERSION = YES;
				CLANG_WARN_NON_LITERAL_NULL_CONVERSION = YES;
				CLANG_WARN_OBJC_IMPLICIT_RETAIN_SELF = YES;
				CLANG_WARN_OBJC_LITERAL_CONVERSION = YES;
				CLANG_WARN_OBJC_ROOT_CLASS = YES_ERROR;
				CLANG_WARN_QUOTED_INCLUDE_IN_FRAMEWORK_HEADER = YES;
				CLANG_WARN_RANGE_LOOP_ANALYSIS = YES;
				CLANG_WARN_STRICT_PROTOTYPES = YES;
				CLANG_WARN_SUSPICIOUS_MOVE = YES;
				CLANG_WARN_UNGUARDED_AVAILABILITY = YES_AGGRESSIVE;
				CLANG_WARN_UNREACHABLE_CODE = YES;
				CLANG_WARN__DUPLICATE_METHOD_MATCH = YES;
				COPY_PHASE_STRIP = NO;
				DEBUG_INFORMATION_FORMAT = "dwarf-with-dsym";
				ENABLE_NS_ASSERTIONS = NO;
				ENABLE_STRICT_OBJC_MSGSEND = YES;
				GCC_C_LANGUAGE_STANDARD = gnu11;
				GCC_NO_COMMON_BLOCKS = YES;
				GCC_WARN_64_TO_32_BIT_CONVERSION = YES;
				GCC_WARN_ABOUT_RETURN_TYPE = YES_ERROR;
				GCC_WARN_UNDECLARED_SELECTOR = YES;
				GCC_WARN_UNINITIALIZED_AUTOS = YES_AGGRESSIVE;
				GCC_WARN_UNUSED_FUNCTION = YES;
				GCC_WARN_UNUSED_VARIABLE = YES;
				IPHONEOS_DEPLOYMENT_TARGET = 16.1;
				MTL_ENABLE_DEBUG_INFO = NO;
				MTL_FAST_MATH = YES;
				SDKROOT = iphoneos;
				SWIFT_COMPILATION_MODE = wholemodule;
				SWIFT_OPTIMIZATION_LEVEL = "-O";
				VALIDATE_PRODUCT = YES;
			};
			name = Release;
		};
		D876949E2B0A367E003E99E7 /* Debug */ = {
			isa = XCBuildConfiguration;
			buildSettings = {
				ASSETCATALOG_COMPILER_APPICON_NAME = AppIcon;
				ASSETCATALOG_COMPILER_GLOBAL_ACCENT_COLOR_NAME = AccentColor;
				CODE_SIGN_STYLE = Automatic;
				CURRENT_PROJECT_VERSION = 1;
				DEVELOPMENT_ASSET_PATHS = "\"SwiftUICrypto/Preview Content\"";
				ENABLE_PREVIEWS = YES;
				GENERATE_INFOPLIST_FILE = YES;
				INFOPLIST_KEY_UIApplicationSceneManifest_Generation = YES;
				INFOPLIST_KEY_UIApplicationSupportsIndirectInputEvents = YES;
				INFOPLIST_KEY_UILaunchScreen_Generation = YES;
				INFOPLIST_KEY_UISupportedInterfaceOrientations_iPad = "UIInterfaceOrientationPortrait UIInterfaceOrientationPortraitUpsideDown UIInterfaceOrientationLandscapeLeft UIInterfaceOrientationLandscapeRight";
				INFOPLIST_KEY_UISupportedInterfaceOrientations_iPhone = "UIInterfaceOrientationPortrait UIInterfaceOrientationLandscapeLeft UIInterfaceOrientationLandscapeRight";
				LD_RUNPATH_SEARCH_PATHS = (
					"$(inherited)",
					"@executable_path/Frameworks",
				);
				MARKETING_VERSION = 1.0;
				PRODUCT_BUNDLE_IDENTIFIER = com.joe3524.SwiftUICrypto;
				PRODUCT_NAME = "$(TARGET_NAME)";
				SWIFT_EMIT_LOC_STRINGS = YES;
				SWIFT_VERSION = 5.0;
				TARGETED_DEVICE_FAMILY = "1,2";
			};
			name = Debug;
		};
		D876949F2B0A367E003E99E7 /* Release */ = {
			isa = XCBuildConfiguration;
			buildSettings = {
				ASSETCATALOG_COMPILER_APPICON_NAME = AppIcon;
				ASSETCATALOG_COMPILER_GLOBAL_ACCENT_COLOR_NAME = AccentColor;
				CODE_SIGN_STYLE = Automatic;
				CURRENT_PROJECT_VERSION = 1;
				DEVELOPMENT_ASSET_PATHS = "\"SwiftUICrypto/Preview Content\"";
				ENABLE_PREVIEWS = YES;
				GENERATE_INFOPLIST_FILE = YES;
				INFOPLIST_KEY_UIApplicationSceneManifest_Generation = YES;
				INFOPLIST_KEY_UIApplicationSupportsIndirectInputEvents = YES;
				INFOPLIST_KEY_UILaunchScreen_Generation = YES;
				INFOPLIST_KEY_UISupportedInterfaceOrientations_iPad = "UIInterfaceOrientationPortrait UIInterfaceOrientationPortraitUpsideDown UIInterfaceOrientationLandscapeLeft UIInterfaceOrientationLandscapeRight";
				INFOPLIST_KEY_UISupportedInterfaceOrientations_iPhone = "UIInterfaceOrientationPortrait UIInterfaceOrientationLandscapeLeft UIInterfaceOrientationLandscapeRight";
				LD_RUNPATH_SEARCH_PATHS = (
					"$(inherited)",
					"@executable_path/Frameworks",
				);
				MARKETING_VERSION = 1.0;
				PRODUCT_BUNDLE_IDENTIFIER = com.joe3524.SwiftUICrypto;
				PRODUCT_NAME = "$(TARGET_NAME)";
				SWIFT_EMIT_LOC_STRINGS = YES;
				SWIFT_VERSION = 5.0;
				TARGETED_DEVICE_FAMILY = "1,2";
			};
			name = Release;
		};
/* End XCBuildConfiguration section */

/* Begin XCConfigurationList section */
		D876948A2B0A367C003E99E7 /* Build configuration list for PBXProject "SwiftUICrypto" */ = {
			isa = XCConfigurationList;
			buildConfigurations = (
				D876949B2B0A367E003E99E7 /* Debug */,
				D876949C2B0A367E003E99E7 /* Release */,
			);
			defaultConfigurationIsVisible = 0;
			defaultConfigurationName = Release;
		};
		D876949D2B0A367E003E99E7 /* Build configuration list for PBXNativeTarget "SwiftUICrypto" */ = {
			isa = XCConfigurationList;
			buildConfigurations = (
				D876949E2B0A367E003E99E7 /* Debug */,
				D876949F2B0A367E003E99E7 /* Release */,
			);
			defaultConfigurationIsVisible = 0;
			defaultConfigurationName = Release;
		};
/* End XCConfigurationList section */

/* Begin XCRemoteSwiftPackageReference section */
		D84028BE2B0E33B300A39D59 /* XCRemoteSwiftPackageReference "Kingfisher" */ = {
			isa = XCRemoteSwiftPackageReference;
			repositoryURL = "https://github.com/onevcat/Kingfisher";
			requirement = {
				kind = upToNextMajorVersion;
				minimumVersion = 7.0.0;
			};
		};
/* End XCRemoteSwiftPackageReference section */

/* Begin XCSwiftPackageProductDependency section */
		D84028BF2B0E33B300A39D59 /* Kingfisher */ = {
			isa = XCSwiftPackageProductDependency;
			package = D84028BE2B0E33B300A39D59 /* XCRemoteSwiftPackageReference "Kingfisher" */;
			productName = Kingfisher;
		};
/* End XCSwiftPackageProductDependency section */
	};
	rootObject = D87694872B0A367C003E99E7 /* Project object */;
}
